{
  "name": "assets",
  "lockfileVersion": 2,
  "requires": true,
  "packages": {
    "": {
      "dependencies": {
        "slickgrid-es6": "^3.0.3"
      }
    },
    "node_modules/flatpickr": {
      "version": "1.9.1",
      "resolved": "https://registry.npmjs.org/flatpickr/-/flatpickr-1.9.1.tgz",
      "integrity": "sha1-am+N6kp11O+eS5KotQ3nUzrifas="
    },
    "node_modules/jquery": {
      "version": "3.6.0",
      "resolved": "https://registry.npmjs.org/jquery/-/jquery-3.6.0.tgz",
      "integrity": "sha512-JVzAR/AjBvVt2BmYhxRCSYysDsPcssdmTFnzyLEts9qNwmjmu4JTAMYubEfwVOSwpQ1I1sKKFcxhZCI2buerfw=="
    },
    "node_modules/slickgrid-es6": {
      "version": "3.0.3",
      "resolved": "https://registry.npmjs.org/slickgrid-es6/-/slickgrid-es6-3.0.3.tgz",
      "integrity": "sha512-l/ISKIS8lJv9S6kGlz6q64GrPoGIVKyuq3cljF0ySttqcw2qPiWnNZit8PPEWL5E+CG4/yK+iP2mpQ7vkfL9Cg==",
      "dependencies": {
        "flatpickr": "^1.9.1",
        "jquery": "^3.4.1"
      }
    }
  },
  "dependencies": {
    "flatpickr": {
      "version": "1.9.1",
      "resolved": "https://registry.npmjs.org/flatpickr/-/flatpickr-1.9.1.tgz",
      "integrity": "sha1-am+N6kp11O+eS5KotQ3nUzrifas="
    },
    "jquery": {
      "version": "3.6.0",
      "resolved": "https://registry.npmjs.org/jquery/-/jquery-3.6.0.tgz",
      "integrity": "sha512-JVzAR/AjBvVt2BmYhxRCSYysDsPcssdmTFnzyLEts9qNwmjmu4JTAMYubEfwVOSwpQ1I1sKKFcxhZCI2buerfw=="
    },
    "slickgrid-es6": {
      "version": "3.0.3",
      "resolved": "https://registry.npmjs.org/slickgrid-es6/-/slickgrid-es6-3.0.3.tgz",
      "integrity": "sha512-l/ISKIS8lJv9S6kGlz6q64GrPoGIVKyuq3cljF0ySttqcw2qPiWnNZit8PPEWL5E+CG4/yK+iP2mpQ7vkfL9Cg==",
      "requires": {
        "flatpickr": "^1.9.1",
        "jquery": "^3.4.1"
      }
    }
  }
}
